// !$*UTF8*$!
{
	archiveVersion = 1;
	classes = {
	};
	objectVersion = 46;
	objects = {

/* Begin PBXBuildFile section */
		15C791EB1D1A7C5100280F2C /* AppDelegate.swift in Sources */ = {isa = PBXBuildFile; fileRef = 15C791EA1D1A7C5100280F2C /* AppDelegate.swift */; };
		15C791ED1D1A7C5100280F2C /* ViewController.swift in Sources */ = {isa = PBXBuildFile; fileRef = 15C791EC1D1A7C5100280F2C /* ViewController.swift */; };
		15C791F01D1A7C5100280F2C /* Main.storyboard in Resources */ = {isa = PBXBuildFile; fileRef = 15C791EE1D1A7C5100280F2C /* Main.storyboard */; };
		15C791F21D1A7C5100280F2C /* Assets.xcassets in Resources */ = {isa = PBXBuildFile; fileRef = 15C791F11D1A7C5100280F2C /* Assets.xcassets */; };
		15C791F51D1A7C5100280F2C /* LaunchScreen.storyboard in Resources */ = {isa = PBXBuildFile; fileRef = 15C791F31D1A7C5100280F2C /* LaunchScreen.storyboard */; };
		15C792001D1A7C5200280F2C /* testTests.swift in Sources */ = {isa = PBXBuildFile; fileRef = 15C791FF1D1A7C5200280F2C /* testTests.swift */; };
		15C7920B1D1A7C5200280F2C /* testUITests.swift in Sources */ = {isa = PBXBuildFile; fileRef = 15C7920A1D1A7C5200280F2C /* testUITests.swift */; };
/* End PBXBuildFile section */

/* Begin PBXContainerItemProxy section */
		15C791FC1D1A7C5200280F2C /* PBXContainerItemProxy */ = {
			isa = PBXContainerItemProxy;
			containerPortal = 15C791DF1D1A7C5100280F2C /* Project object */;
			proxyType = 1;
			remoteGlobalIDString = 15C791E61D1A7C5100280F2C;
			remoteInfo = test;
		};
		15C792071D1A7C5200280F2C /* PBXContainerItemProxy */ = {
			isa = PBXContainerItemProxy;
			containerPortal = 15C791DF1D1A7C5100280F2C /* Project object */;
			proxyType = 1;
			remoteGlobalIDString = 15C791E61D1A7C5100280F2C;
			remoteInfo = test;
		};
/* End PBXContainerItemProxy section */

/* Begin PBXFileReference section */
		15C791E71D1A7C5100280F2C /* test.app */ = {isa = PBXFileReference; explicitFileType = wrapper.application; includeInIndex = 0; path = test.app; sourceTree = BUILT_PRODUCTS_DIR; };
		15C791EA1D1A7C5100280F2C /* AppDelegate.swift */ = {isa = PBXFileReference; lastKnownFileType = sourcecode.swift; path = AppDelegate.swift; sourceTree = "<group>"; };
		15C791EC1D1A7C5100280F2C /* ViewController.swift */ = {isa = PBXFileReference; lastKnownFileType = sourcecode.swift; path = ViewController.swift; sourceTree = "<group>"; };
		15C791EF1D1A7C5100280F2C /* Base */ = {isa = PBXFileReference; lastKnownFileType = file.storyboard; name = Base; path = Base.lproj/Main.storyboard; sourceTree = "<group>"; };
		15C791F11D1A7C5100280F2C /* Assets.xcassets */ = {isa = PBXFileReference; lastKnownFileType = folder.assetcatalog; path = Assets.xcassets; sourceTree = "<group>"; };
		15C791F41D1A7C5100280F2C /* Base */ = {isa = PBXFileReference; lastKnownFileType = file.storyboard; name = Base; path = Base.lproj/LaunchScreen.storyboard; sourceTree = "<group>"; };
		15C791F61D1A7C5100280F2C /* Info.plist */ = {isa = PBXFileReference; lastKnownFileType = text.plist.xml; path = Info.plist; sourceTree = "<group>"; };
		15C791FB1D1A7C5200280F2C /* testTests.xctest */ = {isa = PBXFileReference; explicitFileType = wrapper.cfbundle; includeInIndex = 0; path = testTests.xctest; sourceTree = BUILT_PRODUCTS_DIR; };
		15C791FF1D1A7C5200280F2C /* testTests.swift */ = {isa = PBXFileReference; lastKnownFileType = sourcecode.swift; path = testTests.swift; sourceTree = "<group>"; };
		15C792011D1A7C5200280F2C /* Info.plist */ = {isa = PBXFileReference; lastKnownFileType = text.plist.xml; path = Info.plist; sourceTree = "<group>"; };
		15C792061D1A7C5200280F2C /* testUITests.xctest */ = {isa = PBXFileReference; explicitFileType = wrapper.cfbundle; includeInIndex = 0; path = testUITests.xctest; sourceTree = BUILT_PRODUCTS_DIR; };
		15C7920A1D1A7C5200280F2C /* testUITests.swift */ = {isa = PBXFileReference; lastKnownFileType = sourcecode.swift; path = testUITests.swift; sourceTree = "<group>"; };
		15C7920C1D1A7C5200280F2C /* Info.plist */ = {isa = PBXFileReference; lastKnownFileType = text.plist.xml; path = Info.plist; sourceTree = "<group>"; };
/* End PBXFileReference section */

/* Begin PBXFrameworksBuildPhase section */
		15C791E41D1A7C5100280F2C /* Frameworks */ = {
			isa = PBXFrameworksBuildPhase;
			buildActionMask = 2147483647;
			files = (
			);
			runOnlyForDeploymentPostprocessing = 0;
		};
		15C791F81D1A7C5200280F2C /* Frameworks */ = {
			isa = PBXFrameworksBuildPhase;
			buildActionMask = 2147483647;
			files = (
			);
			runOnlyForDeploymentPostprocessing = 0;
		};
		15C792031D1A7C5200280F2C /* Frameworks */ = {
			isa = PBXFrameworksBuildPhase;
			buildActionMask = 2147483647;
			files = (
			);
			runOnlyForDeploymentPostprocessing = 0;
		};
/* End PBXFrameworksBuildPhase section */

/* Begin PBXGroup section */
		15C791DE1D1A7C5100280F2C = {
			isa = PBXGroup;
			children = (
				15C791E91D1A7C5100280F2C /* test */,
				15C791FE1D1A7C5200280F2C /* testTests */,
				15C792091D1A7C5200280F2C /* testUITests */,
				15C791E81D1A7C5100280F2C /* Products */,
			);
			sourceTree = "<group>";
		};
		15C791E81D1A7C5100280F2C /* Products */ = {
			isa = PBXGroup;
			children = (
				15C791E71D1A7C5100280F2C /* test.app */,
				15C791FB1D1A7C5200280F2C /* testTests.xctest */,
				15C792061D1A7C5200280F2C /* testUITests.xctest */,
			);
			name = Products;
			sourceTree = "<group>";
		};
		15C791E91D1A7C5100280F2C /* test */ = {
			isa = PBXGroup;
			children = (
				15C791EA1D1A7C5100280F2C /* AppDelegate.swift */,
				15C791EC1D1A7C5100280F2C /* ViewController.swift */,
				15C791EE1D1A7C5100280F2C /* Main.storyboard */,
				15C791F11D1A7C5100280F2C /* Assets.xcassets */,
				15C791F31D1A7C5100280F2C /* LaunchScreen.storyboard */,
				15C791F61D1A7C5100280F2C /* Info.plist */,
			);
			path = test;
			sourceTree = "<group>";
		};
		15C791FE1D1A7C5200280F2C /* testTests */ = {
			isa = PBXGroup;
			children = (
				15C791FF1D1A7C5200280F2C /* testTests.swift */,
				15C792011D1A7C5200280F2C /* Info.plist */,
			);
			path = testTests;
			sourceTree = "<group>";
		};
		15C792091D1A7C5200280F2C /* testUITests */ = {
			isa = PBXGroup;
			children = (
				15C7920A1D1A7C5200280F2C /* testUITests.swift */,
				15C7920C1D1A7C5200280F2C /* Info.plist */,
			);
			path = testUITests;
			sourceTree = "<group>";
		};
/* End PBXGroup section */

/* Begin PBXNativeTarget section */
		15C791E61D1A7C5100280F2C /* test */ = {
			isa = PBXNativeTarget;
			buildConfigurationList = 15C7920F1D1A7C5200280F2C /* Build configuration list for PBXNativeTarget "test" */;
			buildPhases = (
				15C791E31D1A7C5100280F2C /* Sources */,
				15C791E41D1A7C5100280F2C /* Frameworks */,
				15C791E51D1A7C5100280F2C /* Resources */,
			);
			buildRules = (
			);
			dependencies = (
			);
			name = test;
			productName = test;
			productReference = 15C791E71D1A7C5100280F2C /* test.app */;
			productType = "com.apple.product-type.application";
		};
		15C791FA1D1A7C5200280F2C /* testTests */ = {
			isa = PBXNativeTarget;
			buildConfigurationList = 15C792121D1A7C5200280F2C /* Build configuration list for PBXNativeTarget "testTests" */;
			buildPhases = (
				15C791F71D1A7C5200280F2C /* Sources */,
				15C791F81D1A7C5200280F2C /* Frameworks */,
				15C791F91D1A7C5200280F2C /* Resources */,
			);
			buildRules = (
			);
			dependencies = (
				15C791FD1D1A7C5200280F2C /* PBXTargetDependency */,
			);
			name = testTests;
			productName = testTests;
			productReference = 15C791FB1D1A7C5200280F2C /* testTests.xctest */;
			productType = "com.apple.product-type.bundle.unit-test";
		};
		15C792051D1A7C5200280F2C /* testUITests */ = {
			isa = PBXNativeTarget;
			buildConfigurationList = 15C792151D1A7C5200280F2C /* Build configuration list for PBXNativeTarget "testUITests" */;
			buildPhases = (
				15C792021D1A7C5200280F2C /* Sources */,
				15C792031D1A7C5200280F2C /* Frameworks */,
				15C792041D1A7C5200280F2C /* Resources */,
			);
			buildRules = (
			);
			dependencies = (
				15C792081D1A7C5200280F2C /* PBXTargetDependency */,
			);
			name = testUITests;
			productName = testUITests;
			productReference = 15C792061D1A7C5200280F2C /* testUITests.xctest */;
			productType = "com.apple.product-type.bundle.ui-testing";
		};
/* End PBXNativeTarget section */

/* Begin PBXProject section */
		15C791DF1D1A7C5100280F2C /* Project object */ = {
			isa = PBXProject;
			attributes = {
				LastSwiftUpdateCheck = 0730;
				LastUpgradeCheck = 0730;
				ORGANIZATIONNAME = 20141105072;
				TargetAttributes = {
					15C791E61D1A7C5100280F2C = {
						CreatedOnToolsVersion = 7.3.1;
					};
					15C791FA1D1A7C5200280F2C = {
						CreatedOnToolsVersion = 7.3.1;
						TestTargetID = 15C791E61D1A7C5100280F2C;
					};
					15C792051D1A7C5200280F2C = {
						CreatedOnToolsVersion = 7.3.1;
						TestTargetID = 15C791E61D1A7C5100280F2C;
					};
				};
			};
			buildConfigurationList = 15C791E21D1A7C5100280F2C /* Build configuration list for PBXProject "test" */;
			compatibilityVersion = "Xcode 3.2";
			developmentRegion = English;
			hasScannedForEncodings = 0;
			knownRegions = (
				en,
				Base,
			);
			mainGroup = 15C791DE1D1A7C5100280F2C;
			productRefGroup = 15C791E81D1A7C5100280F2C /* Products */;
			projectDirPath = "";
			projectRoot = "";
			targets = (
				15C791E61D1A7C5100280F2C /* test */,
				15C791FA1D1A7C5200280F2C /* testTests */,
				15C792051D1A7C5200280F2C /* testUITests */,
			);
		};
/* End PBXProject section */

/* Begin PBXResourcesBuildPhase section */
		15C791E51D1A7C5100280F2C /* Resources */ = {
			isa = PBXResourcesBuildPhase;
			buildActionMask = 2147483647;
			files = (
				15C791F51D1A7C5100280F2C /* LaunchScreen.storyboard in Resources */,
				15C791F21D1A7C5100280F2C /* Assets.xcassets in Resources */,
				15C791F01D1A7C5100280F2C /* Main.storyboard in Resources */,
			);
			runOnlyForDeploymentPostprocessing = 0;
		};
		15C791F91D1A7C5200280F2C /* Resources */ = {
			isa = PBXResourcesBuildPhase;
			buildActionMask = 2147483647;
			files = (
			);
			runOnlyForDeploymentPostprocessing = 0;
		};
		15C792041D1A7C5200280F2C /* Resources */ = {
			isa = PBXResourcesBuildPhase;
			buildActionMask = 2147483647;
			files = (
			);
			runOnlyForDeploymentPostprocessing = 0;
		};
/* End PBXResourcesBuildPhase section */

/* Begin PBXSourcesBuildPhase section */
		15C791E31D1A7C5100280F2C /* Sources */ = {
			isa = PBXSourcesBuildPhase;
			buildActionMask = 2147483647;
			files = (
				15C791ED1D1A7C5100280F2C /* ViewController.swift in Sources */,
				15C791EB1D1A7C5100280F2C /* AppDelegate.swift in Sources */,
			);
			runOnlyForDeploymentPostprocessing = 0;
		};
		15C791F71D1A7C5200280F2C /* Sources */ = {
			isa = PBXSourcesBuildPhase;
			buildActionMask = 2147483647;
			files = (
				15C792001D1A7C5200280F2C /* testTests.swift in Sources */,
			);
			runOnlyForDeploymentPostprocessing = 0;
		};
		15C792021D1A7C5200280F2C /* Sources */ = {
			isa = PBXSourcesBuildPhase;
			buildActionMask = 2147483647;
			files = (
				15C7920B1D1A7C5200280F2C /* testUITests.swift in Sources */,
			);
			runOnlyForDeploymentPostprocessing = 0;
		};
/* End PBXSourcesBuildPhase section */

/* Begin PBXTargetDependency section */
		15C791FD1D1A7C5200280F2C /* PBXTargetDependency */ = {
			isa = PBXTargetDependency;
			target = 15C791E61D1A7C5100280F2C /* test */;
			targetProxy = 15C791FC1D1A7C5200280F2C /* PBXContainerItemProxy */;
		};
		15C792081D1A7C5200280F2C /* PBXTargetDependency */ = {
			isa = PBXTargetDependency;
			target = 15C791E61D1A7C5100280F2C /* test */;
			targetProxy = 15C792071D1A7C5200280F2C /* PBXContainerItemProxy */;
		};
/* End PBXTargetDependency section */

/* Begin PBXVariantGroup section */
		15C791EE1D1A7C5100280F2C /* Main.storyboard */ = {
			isa = PBXVariantGroup;
			children = (
				15C791EF1D1A7C5100280F2C /* Base */,
			);
			name = Main.storyboard;
			sourceTree = "<group>";
		};
		15C791F31D1A7C5100280F2C /* LaunchScreen.storyboard */ = {
			isa = PBXVariantGroup;
			children = (
				15C791F41D1A7C5100280F2C /* Base */,
			);
			name = LaunchScreen.storyboard;
			sourceTree = "<group>";
		};
/* End PBXVariantGroup section */

/* Begin XCBuildConfiguration section */
		15C7920D1D1A7C5200280F2C /* Debug */ = {
			isa = XCBuildConfiguration;
			buildSettings = {
				ALWAYS_SEARCH_USER_PATHS = NO;
				CLANG_ANALYZER_NONNULL = YES;
				CLANG_CXX_LANGUAGE_STANDARD = "gnu++0x";
				CLANG_CXX_LIBRARY = "libc++";
				CLANG_ENABLE_MODULES = YES;
				CLANG_ENABLE_OBJC_ARC = YES;
				CLANG_WARN_BOOL_CONVERSION = YES;
				CLANG_WARN_CONSTANT_CONVERSION = YES;
				CLANG_WARN_DIRECT_OBJC_ISA_USAGE = YES_ERROR;
				CLANG_WARN_EMPTY_BODY = YES;
				CLANG_WARN_ENUM_CONVERSION = YES;
				CLANG_WARN_INT_CONVERSION = YES;
				CLANG_WARN_OBJC_ROOT_CLASS = YES_ERROR;
				CLANG_WARN_UNREACHABLE_CODE = YES;
				CLANG_WARN__DUPLICATE_METHOD_MATCH = YES;
				"CODE_SIGN_IDENTITY[sdk=iphoneos*]" = "iPhone Developer";
				COPY_PHASE_STRIP = NO;
				DEBUG_INFORMATION_FORMAT = dwarf;
				ENABLE_STRICT_OBJC_MSGSEND = YES;
				ENABLE_TESTABILITY = YES;
				GCC_C_LANGUAGE_STANDARD = gnu99;
				GCC_DYNAMIC_NO_PIC = NO;
				GCC_NO_COMMON_BLOCKS = YES;
				GCC_OPTIMIZATION_LEVEL = 0;
				GCC_PREPROCESSOR_DEFINITIONS = (
					"DEBUG=1",
					"$(inherited)",
				);
				GCC_WARN_64_TO_32_BIT_CONVERSION = YES;
				GCC_WARN_ABOUT_RETURN_TYPE = YES_ERROR;
				GCC_WARN_UNDECLARED_SELECTOR = YES;
				GCC_WARN_UNINITIALIZED_AUTOS = YES_AGGRESSIVE;
				GCC_WARN_UNUSED_FUNCTION = YES;
				GCC_WARN_UNUSED_VARIABLE = YES;
				IPHONEOS_DEPLOYMENT_TARGET = 9.3;
				MTL_ENABLE_DEBUG_INFO = YES;
				ONLY_ACTIVE_ARCH = YES;
				SDKROOT = iphoneos;
				SWIFT_OPTIMIZATION_LEVEL = "-Onone";
				TARGETED_DEVICE_FAMILY = "1,2";
			};
			name = Debug;
		};
		15C7920E1D1A7C5200280F2C /* Release */ = {
			isa = XCBuildConfiguration;
			buildSettings = {
				ALWAYS_SEARCH_USER_PATHS = NO;
				CLANG_ANALYZER_NONNULL = YES;
				CLANG_CXX_LANGUAGE_STANDARD = "gnu++0x";
				CLANG_CXX_LIBRARY = "libc++";
				CLANG_ENABLE_MODULES = YES;
				CLANG_ENABLE_OBJC_ARC = YES;
				CLANG_WARN_BOOL_CONVERSION = YES;
				CLANG_WARN_CONSTANT_CONVERSION = YES;
				CLANG_WARN_DIRECT_OBJC_ISA_USAGE = YES_ERROR;
				CLANG_WARN_EMPTY_BODY = YES;
				CLANG_WARN_ENUM_CONVERSION = YES;
				CLANG_WARN_INT_CONVERSION = YES;
				CLANG_WARN_OBJC_ROOT_CLASS = YES_ERROR;
				CLANG_WARN_UNREACHABLE_CODE = YES;
				CLANG_WARN__DUPLICATE_METHOD_MATCH = YES;
				"CODE_SIGN_IDENTITY[sdk=iphoneos*]" = "iPhone Developer";
				COPY_PHASE_STRIP = NO;
				DEBUG_INFORMATION_FORMAT = "dwarf-with-dsym";
				ENABLE_NS_ASSERTIONS = NO;
				ENABLE_STRICT_OBJC_MSGSEND = YES;
				GCC_C_LANGUAGE_STANDARD = gnu99;
				GCC_NO_COMMON_BLOCKS = YES;
				GCC_WARN_64_TO_32_BIT_CONVERSION = YES;
				GCC_WARN_ABOUT_RETURN_TYPE = YES_ERROR;
				GCC_WARN_UNDECLARED_SELECTOR = YES;
				GCC_WARN_UNINITIALIZED_AUTOS = YES_AGGRESSIVE;
				GCC_WARN_UNUSED_FUNCTION = YES;
				GCC_WARN_UNUSED_VARIABLE = YES;
				IPHONEOS_DEPLOYMENT_TARGET = 9.3;
				MTL_ENABLE_DEBUG_INFO = NO;
				SDKROOT = iphoneos;
				TARGETED_DEVICE_FAMILY = "1,2";
				VALIDATE_PRODUCT = YES;
			};
			name = Release;
		};
		15C792101D1A7C5200280F2C /* Debug */ = {
			isa = XCBuildConfiguration;
			buildSettings = {
				ASSETCATALOG_COMPILER_APPICON_NAME = AppIcon;
				INFOPLIST_FILE = test/Info.plist;
				LD_RUNPATH_SEARCH_PATHS = "$(inherited) @executable_path/Frameworks";
				PRODUCT_BUNDLE_IDENTIFIER = "-0141105072.test";
				PRODUCT_NAME = "$(TARGET_NAME)";
			};
			name = Debug;
		};
		15C792111D1A7C5200280F2C /* Release */ = {
			isa = XCBuildConfiguration;
			buildSettings = {
				ASSETCATALOG_COMPILER_APPICON_NAME = AppIcon;
				INFOPLIST_FILE = test/Info.plist;
				LD_RUNPATH_SEARCH_PATHS = "$(inherited) @executable_path/Frameworks";
				PRODUCT_BUNDLE_IDENTIFIER = "-0141105072.test";
				PRODUCT_NAME = "$(TARGET_NAME)";
			};
			name = Release;
		};
		15C792131D1A7C5200280F2C /* Debug */ = {
			isa = XCBuildConfiguration;
			buildSettings = {
				BUNDLE_LOADER = "$(TEST_HOST)";
				INFOPLIST_FILE = testTests/Info.plist;
				LD_RUNPATH_SEARCH_PATHS = "$(inherited) @executable_path/Frameworks @loader_path/Frameworks";
				PRODUCT_BUNDLE_IDENTIFIER = "-0141105072.testTests";
				PRODUCT_NAME = "$(TARGET_NAME)";
				TEST_HOST = "$(BUILT_PRODUCTS_DIR)/test.app/test";
			};
			name = Debug;
		};
		15C792141D1A7C5200280F2C /* Release */ = {
			isa = XCBuildConfiguration;
			buildSettings = {
				BUNDLE_LOADER = "$(TEST_HOST)";
				INFOPLIST_FILE = testTests/Info.plist;
				LD_RUNPATH_SEARCH_PATHS = "$(inherited) @executable_path/Frameworks @loader_path/Frameworks";
				PRODUCT_BUNDLE_IDENTIFIER = "-0141105072.testTests";
				PRODUCT_NAME = "$(TARGET_NAME)";
				TEST_HOST = "$(BUILT_PRODUCTS_DIR)/test.app/test";
			};
			name = Release;
		};
		15C792161D1A7C5200280F2C /* Debug */ = {
			isa = XCBuildConfiguration;
			buildSettings = {
				INFOPLIST_FILE = testUITests/Info.plist;
				LD_RUNPATH_SEARCH_PATHS = "$(inherited) @executable_path/Frameworks @loader_path/Frameworks";
				PRODUCT_BUNDLE_IDENTIFIER = "-0141105072.testUITests";
				PRODUCT_NAME = "$(TARGET_NAME)";
				TEST_TARGET_NAME = test;
			};
			name = Debug;
		};
		15C792171D1A7C5200280F2C /* Release */ = {
			isa = XCBuildConfiguration;
			buildSettings = {
				INFOPLIST_FILE = testUITests/Info.plist;
				LD_RUNPATH_SEARCH_PATHS = "$(inherited) @executable_path/Frameworks @loader_path/Frameworks";
				PRODUCT_BUNDLE_IDENTIFIER = "-0141105072.testUITests";
				PRODUCT_NAME = "$(TARGET_NAME)";
				TEST_TARGET_NAME = test;
			};
			name = Release;
		};
/* End XCBuildConfiguration section */

/* Begin XCConfigurationList section */
		15C791E21D1A7C5100280F2C /* Build configuration list for PBXProject "test" */ = {
			isa = XCConfigurationList;
			buildConfigurations = (
				15C7920D1D1A7C5200280F2C /* Debug */,
				15C7920E1D1A7C5200280F2C /* Release */,
			);
			defaultConfigurationIsVisible = 0;
			defaultConfigurationName = Release;
		};
		15C7920F1D1A7C5200280F2C /* Build configuration list for PBXNativeTarget "test" */ = {
			isa = XCConfigurationList;
			buildConfigurations = (
				15C792101D1A7C5200280F2C /* Debug */,
				15C792111D1A7C5200280F2C /* Release */,
			);
			defaultConfigurationIsVisible = 0;
		};
		15C792121D1A7C5200280F2C /* Build configuration list for PBXNativeTarget "testTests" */ = {
			isa = XCConfigurationList;
			buildConfigurations = (
				15C792131D1A7C5200280F2C /* Debug */,
				15C792141D1A7C5200280F2C /* Release */,
			);
			defaultConfigurationIsVisible = 0;
		};
		15C792151D1A7C5200280F2C /* Build configuration list for PBXNativeTarget "testUITests" */ = {
			isa = XCConfigurationList;
			buildConfigurations = (
				15C792161D1A7C5200280F2C /* Debug */,
				15C792171D1A7C5200280F2C /* Release */,
			);
			defaultConfigurationIsVisible = 0;
		};
/* End XCConfigurationList section */
	};
	rootObject = 15C791DF1D1A7C5100280F2C /* Project object */;
}
